
Microsoft Visual Studio Solution File, Format Version 12.00
# Visual Studio 15
VisualStudioVersion = 15.0.27130.2027
MinimumVisualStudioVersion = 10.0.40219.1
Project("{4DF76451-A46A-4C0B-BE03-459FAAFA07E6}") = "Elia.GridData.PowerBiConnector", "Elia.GridData.PowerBiConnector\Elia.GridData.PowerBiConnector.mproj", "{457CB27E-C0AC-491D-AAAD-E07B4538DC3E}"
EndProject
Global
	GlobalSection(SolutionConfigurationPlatforms) = preSolution
		Debug|x86 = Debug|x86
		Release|x86 = Release|x86
	EndGlobalSection
	GlobalSection(ProjectConfigurationPlatforms) = postSolution
		{457CB27E-C0AC-491D-AAAD-E07B4538DC3E}.Debug|x86.ActiveCfg = Debug|x86
		{457CB27E-C0AC-491D-AAAD-E07B4538DC3E}.Debug|x86.Build.0 = Debug|x86
		{457CB27E-C0AC-491D-AAAD-E07B4538DC3E}.Release|x86.ActiveCfg = Release|x86
		{457CB27E-C0AC-491D-AAAD-E07B4538DC3E}.Release|x86.Build.0 = Release|x86
	EndGlobalSection
	GlobalSection(SolutionProperties) = preSolution
		HideSolutionNode = FALSE
	EndGlobalSection
	GlobalSection(ExtensibilityGlobals) = postSolution
		SolutionGuid = {76F9B5D7-B812-4BB7-A6F8-3038C2130CA4}
	EndGlobalSection
EndGlobal
